# This file was autogenerated by Stack.
# You should not edit this file by hand.
# For more information, please see the documentation at:
#   https://docs.haskellstack.org/en/stable/lock_files

packages: []
snapshots:
- completed:
    size: 531237
    url: https://raw.githubusercontent.com/commercialhaskell/stackage-snapshots/master/lts/16/0.yaml
    sha256: 210e15b7043e2783115afe16b0d54914b1611cdaa73f3ca3ca7f8e0847ff54e5
  original: lts-16.0
